
Microsoft Visual Studio Solution File, Format Version 12.00
Project("{2150E333-8FDC-42A3-9474-1A3956D46DE8}") = "src", "src", "{564262E5-94E5-4B32-8B0E-444D454DD35F}"
ProjectSection(SolutionItems) = preProject
	src\Directory.Build.props = src\Directory.Build.props
EndProjectSection
EndProject
Project("{2150E333-8FDC-42A3-9474-1A3956D46DE8}") = "tests", "tests", "{FC71B400-ACDA-4BBE-BCC1-D1CFB4EDEFE3}"
ProjectSection(SolutionItems) = preProject
	tests\Directory.Build.props = tests\Directory.Build.props
EndProjectSection
EndProject
Project("{2150E333-8FDC-42A3-9474-1A3956D46DE8}") = "samples", "samples", "{30567A9D-BDC2-49C1-B0B4-91D37FB5CCC1}"
EndProject
Project("{FAE04EC0-301F-11D3-BF4B-00C04F79EFBC}") = "Thinktecture.EntityFrameworkCore.Relational", "src\Thinktecture.EntityFrameworkCore.Relational\Thinktecture.EntityFrameworkCore.Relational.csproj", "{B43A04CC-FB33-4B06-AC9B-BBDE177EF0E4}"
EndProject
Project("{FAE04EC0-301F-11D3-BF4B-00C04F79EFBC}") = "Thinktecture.EntityFrameworkCore.SqlServer", "src\Thinktecture.EntityFrameworkCore.SqlServer\Thinktecture.EntityFrameworkCore.SqlServer.csproj", "{FCB9BC17-69FE-4CB1-A8E8-665316B68B30}"
EndProject
Project("{2150E333-8FDC-42A3-9474-1A3956D46DE8}") = "assets", "assets", "{2CFD0F6C-599B-41DA-A754-03A202B68D12}"
ProjectSection(SolutionItems) = preProject
	ci\ci.ps1 = ci\ci.ps1
	azure-pipelines.yml = azure-pipelines.yml
	LICENSE.md = LICENSE.md
	README.md = README.md
	Directory.Build.props = Directory.Build.props
	.gitignore = .gitignore
	FodyWeavers.xml = FodyWeavers.xml
EndProjectSection
EndProject
Project("{FAE04EC0-301F-11D3-BF4B-00C04F79EFBC}") = "Thinktecture.EntityFrameworkCore.SqlServer.Testing", "src\Thinktecture.EntityFrameworkCore.SqlServer.Testing\Thinktecture.EntityFrameworkCore.SqlServer.Testing.csproj", "{4A68E5B4-B0C9-4076-875A-C88AFAC5EB5F}"
EndProject
Project("{FAE04EC0-301F-11D3-BF4B-00C04F79EFBC}") = "Thinktecture.EntityFrameworkCore.Relational.Tests", "tests\Thinktecture.EntityFrameworkCore.Relational.Tests\Thinktecture.EntityFrameworkCore.Relational.Tests.csproj", "{629B6159-5050-4510-A24A-51630CD46854}"
EndProject
Project("{FAE04EC0-301F-11D3-BF4B-00C04F79EFBC}") = "Thinktecture.EntityFrameworkCore.SqlServer.Tests", "tests\Thinktecture.EntityFrameworkCore.SqlServer.Tests\Thinktecture.EntityFrameworkCore.SqlServer.Tests.csproj", "{B6A31BA8-19A3-4563-BD4E-313C950A012F}"
EndProject
Project("{FAE04EC0-301F-11D3-BF4B-00C04F79EFBC}") = "Thinktecture.EntityFrameworkCore.SqlServer.Samples", "samples\Thinktecture.EntityFrameworkCore.SqlServer.Samples\Thinktecture.EntityFrameworkCore.SqlServer.Samples.csproj", "{D2A55DD1-3642-4355-9E36-599238C80C14}"
EndProject
Project("{FAE04EC0-301F-11D3-BF4B-00C04F79EFBC}") = "Thinktecture.EntityFrameworkCore.Sqlite", "src\Thinktecture.EntityFrameworkCore.Sqlite\Thinktecture.EntityFrameworkCore.Sqlite.csproj", "{5734E627-253B-4A5A-9AF9-937C9CFCE3D6}"
EndProject
Project("{FAE04EC0-301F-11D3-BF4B-00C04F79EFBC}") = "Thinktecture.EntityFrameworkCore.BulkOperations", "src\Thinktecture.EntityFrameworkCore.BulkOperations\Thinktecture.EntityFrameworkCore.BulkOperations.csproj", "{441D3FD0-CACF-45E5-A15B-A59FCACB94C5}"
EndProject
Project("{FAE04EC0-301F-11D3-BF4B-00C04F79EFBC}") = "Thinktecture.EntityFrameworkCore.Sqlite.Samples", "samples\Thinktecture.EntityFrameworkCore.Sqlite.Samples\Thinktecture.EntityFrameworkCore.Sqlite.Samples.csproj", "{F273CC1E-A91E-4166-9810-2F56106512F8}"
EndProject
Project("{FAE04EC0-301F-11D3-BF4B-00C04F79EFBC}") = "Thinktecture.EntityFrameworkCore.Sqlite.Tests", "tests\Thinktecture.EntityFrameworkCore.Sqlite.Tests\Thinktecture.EntityFrameworkCore.Sqlite.Tests.csproj", "{392C12CE-E21E-43C2-9718-964EAE5F2AA0}"
EndProject
Project("{FAE04EC0-301F-11D3-BF4B-00C04F79EFBC}") = "Thinktecture.EntityFrameworkCore.Testing", "src\Thinktecture.EntityFrameworkCore.Testing\Thinktecture.EntityFrameworkCore.Testing.csproj", "{BEF60B0C-F3D0-4FB3-B975-63AA20A5AC59}"
EndProject
Project("{FAE04EC0-301F-11D3-BF4B-00C04F79EFBC}") = "Thinktecture.EntityFrameworkCore.Sqlite.Testing", "src\Thinktecture.EntityFrameworkCore.Sqlite.Testing\Thinktecture.EntityFrameworkCore.Sqlite.Testing.csproj", "{C553EA83-3793-4B28-99BB-66A148564746}"
EndProject
Project("{FAE04EC0-301F-11D3-BF4B-00C04F79EFBC}") = "Thinktecture.EntityFrameworkCore.Testing.Tests", "tests\Thinktecture.EntityFrameworkCore.Testing.Tests\Thinktecture.EntityFrameworkCore.Testing.Tests.csproj", "{E2A920F7-ED3D-4C73-8207-8C578A9B8AD8}"
EndProject
Project("{FAE04EC0-301F-11D3-BF4B-00C04F79EFBC}") = "Thinktecture.EntityFrameworkCore.BulkOperations.Tests", "tests\Thinktecture.EntityFrameworkCore.BulkOperations.Tests\Thinktecture.EntityFrameworkCore.BulkOperations.Tests.csproj", "{8B96D351-8A49-41C2-ABC8-5F9DC047C774}"
EndProject
Global
	GlobalSection(SolutionConfigurationPlatforms) = preSolution
		Debug|Any CPU = Debug|Any CPU
		Release|Any CPU = Release|Any CPU
	EndGlobalSection
	GlobalSection(NestedProjects) = preSolution
		{B43A04CC-FB33-4B06-AC9B-BBDE177EF0E4} = {564262E5-94E5-4B32-8B0E-444D454DD35F}
		{FCB9BC17-69FE-4CB1-A8E8-665316B68B30} = {564262E5-94E5-4B32-8B0E-444D454DD35F}
		{4A68E5B4-B0C9-4076-875A-C88AFAC5EB5F} = {564262E5-94E5-4B32-8B0E-444D454DD35F}
		{629B6159-5050-4510-A24A-51630CD46854} = {FC71B400-ACDA-4BBE-BCC1-D1CFB4EDEFE3}
		{B6A31BA8-19A3-4563-BD4E-313C950A012F} = {FC71B400-ACDA-4BBE-BCC1-D1CFB4EDEFE3}
		{D2A55DD1-3642-4355-9E36-599238C80C14} = {30567A9D-BDC2-49C1-B0B4-91D37FB5CCC1}
		{5734E627-253B-4A5A-9AF9-937C9CFCE3D6} = {564262E5-94E5-4B32-8B0E-444D454DD35F}
		{441D3FD0-CACF-45E5-A15B-A59FCACB94C5} = {564262E5-94E5-4B32-8B0E-444D454DD35F}
		{F273CC1E-A91E-4166-9810-2F56106512F8} = {30567A9D-BDC2-49C1-B0B4-91D37FB5CCC1}
		{392C12CE-E21E-43C2-9718-964EAE5F2AA0} = {FC71B400-ACDA-4BBE-BCC1-D1CFB4EDEFE3}
		{BEF60B0C-F3D0-4FB3-B975-63AA20A5AC59} = {564262E5-94E5-4B32-8B0E-444D454DD35F}
		{C553EA83-3793-4B28-99BB-66A148564746} = {564262E5-94E5-4B32-8B0E-444D454DD35F}
		{E2A920F7-ED3D-4C73-8207-8C578A9B8AD8} = {FC71B400-ACDA-4BBE-BCC1-D1CFB4EDEFE3}
		{8B96D351-8A49-41C2-ABC8-5F9DC047C774} = {FC71B400-ACDA-4BBE-BCC1-D1CFB4EDEFE3}
	EndGlobalSection
	GlobalSection(ProjectConfigurationPlatforms) = postSolution
		{B43A04CC-FB33-4B06-AC9B-BBDE177EF0E4}.Debug|Any CPU.ActiveCfg = Debug|Any CPU
		{B43A04CC-FB33-4B06-AC9B-BBDE177EF0E4}.Debug|Any CPU.Build.0 = Debug|Any CPU
		{B43A04CC-FB33-4B06-AC9B-BBDE177EF0E4}.Release|Any CPU.ActiveCfg = Release|Any CPU
		{B43A04CC-FB33-4B06-AC9B-BBDE177EF0E4}.Release|Any CPU.Build.0 = Release|Any CPU
		{FCB9BC17-69FE-4CB1-A8E8-665316B68B30}.Debug|Any CPU.ActiveCfg = Debug|Any CPU
		{FCB9BC17-69FE-4CB1-A8E8-665316B68B30}.Debug|Any CPU.Build.0 = Debug|Any CPU
		{FCB9BC17-69FE-4CB1-A8E8-665316B68B30}.Release|Any CPU.ActiveCfg = Release|Any CPU
		{FCB9BC17-69FE-4CB1-A8E8-665316B68B30}.Release|Any CPU.Build.0 = Release|Any CPU
		{4A68E5B4-B0C9-4076-875A-C88AFAC5EB5F}.Debug|Any CPU.ActiveCfg = Debug|Any CPU
		{4A68E5B4-B0C9-4076-875A-C88AFAC5EB5F}.Debug|Any CPU.Build.0 = Debug|Any CPU
		{4A68E5B4-B0C9-4076-875A-C88AFAC5EB5F}.Release|Any CPU.ActiveCfg = Release|Any CPU
		{4A68E5B4-B0C9-4076-875A-C88AFAC5EB5F}.Release|Any CPU.Build.0 = Release|Any CPU
		{629B6159-5050-4510-A24A-51630CD46854}.Debug|Any CPU.ActiveCfg = Debug|Any CPU
		{629B6159-5050-4510-A24A-51630CD46854}.Debug|Any CPU.Build.0 = Debug|Any CPU
		{629B6159-5050-4510-A24A-51630CD46854}.Release|Any CPU.ActiveCfg = Release|Any CPU
		{629B6159-5050-4510-A24A-51630CD46854}.Release|Any CPU.Build.0 = Release|Any CPU
		{B6A31BA8-19A3-4563-BD4E-313C950A012F}.Debug|Any CPU.ActiveCfg = Debug|Any CPU
		{B6A31BA8-19A3-4563-BD4E-313C950A012F}.Debug|Any CPU.Build.0 = Debug|Any CPU
		{B6A31BA8-19A3-4563-BD4E-313C950A012F}.Release|Any CPU.ActiveCfg = Release|Any CPU
		{B6A31BA8-19A3-4563-BD4E-313C950A012F}.Release|Any CPU.Build.0 = Release|Any CPU
		{D2A55DD1-3642-4355-9E36-599238C80C14}.Debug|Any CPU.ActiveCfg = Debug|Any CPU
		{D2A55DD1-3642-4355-9E36-599238C80C14}.Debug|Any CPU.Build.0 = Debug|Any CPU
		{D2A55DD1-3642-4355-9E36-599238C80C14}.Release|Any CPU.ActiveCfg = Release|Any CPU
		{D2A55DD1-3642-4355-9E36-599238C80C14}.Release|Any CPU.Build.0 = Release|Any CPU
		{5734E627-253B-4A5A-9AF9-937C9CFCE3D6}.Debug|Any CPU.ActiveCfg = Debug|Any CPU
		{5734E627-253B-4A5A-9AF9-937C9CFCE3D6}.Debug|Any CPU.Build.0 = Debug|Any CPU
		{5734E627-253B-4A5A-9AF9-937C9CFCE3D6}.Release|Any CPU.ActiveCfg = Release|Any CPU
		{5734E627-253B-4A5A-9AF9-937C9CFCE3D6}.Release|Any CPU.Build.0 = Release|Any CPU
		{441D3FD0-CACF-45E5-A15B-A59FCACB94C5}.Debug|Any CPU.ActiveCfg = Debug|Any CPU
		{441D3FD0-CACF-45E5-A15B-A59FCACB94C5}.Debug|Any CPU.Build.0 = Debug|Any CPU
		{441D3FD0-CACF-45E5-A15B-A59FCACB94C5}.Release|Any CPU.ActiveCfg = Release|Any CPU
		{441D3FD0-CACF-45E5-A15B-A59FCACB94C5}.Release|Any CPU.Build.0 = Release|Any CPU
		{F273CC1E-A91E-4166-9810-2F56106512F8}.Debug|Any CPU.ActiveCfg = Debug|Any CPU
		{F273CC1E-A91E-4166-9810-2F56106512F8}.Debug|Any CPU.Build.0 = Debug|Any CPU
		{F273CC1E-A91E-4166-9810-2F56106512F8}.Release|Any CPU.ActiveCfg = Release|Any CPU
		{F273CC1E-A91E-4166-9810-2F56106512F8}.Release|Any CPU.Build.0 = Release|Any CPU
		{392C12CE-E21E-43C2-9718-964EAE5F2AA0}.Debug|Any CPU.ActiveCfg = Debug|Any CPU
		{392C12CE-E21E-43C2-9718-964EAE5F2AA0}.Debug|Any CPU.Build.0 = Debug|Any CPU
		{392C12CE-E21E-43C2-9718-964EAE5F2AA0}.Release|Any CPU.ActiveCfg = Release|Any CPU
		{392C12CE-E21E-43C2-9718-964EAE5F2AA0}.Release|Any CPU.Build.0 = Release|Any CPU
		{BEF60B0C-F3D0-4FB3-B975-63AA20A5AC59}.Debug|Any CPU.ActiveCfg = Debug|Any CPU
		{BEF60B0C-F3D0-4FB3-B975-63AA20A5AC59}.Debug|Any CPU.Build.0 = Debug|Any CPU
		{BEF60B0C-F3D0-4FB3-B975-63AA20A5AC59}.Release|Any CPU.ActiveCfg = Release|Any CPU
		{BEF60B0C-F3D0-4FB3-B975-63AA20A5AC59}.Release|Any CPU.Build.0 = Release|Any CPU
		{C553EA83-3793-4B28-99BB-66A148564746}.Debug|Any CPU.ActiveCfg = Debug|Any CPU
		{C553EA83-3793-4B28-99BB-66A148564746}.Debug|Any CPU.Build.0 = Debug|Any CPU
		{C553EA83-3793-4B28-99BB-66A148564746}.Release|Any CPU.ActiveCfg = Release|Any CPU
		{C553EA83-3793-4B28-99BB-66A148564746}.Release|Any CPU.Build.0 = Release|Any CPU
		{E2A920F7-ED3D-4C73-8207-8C578A9B8AD8}.Debug|Any CPU.ActiveCfg = Debug|Any CPU
		{E2A920F7-ED3D-4C73-8207-8C578A9B8AD8}.Debug|Any CPU.Build.0 = Debug|Any CPU
		{E2A920F7-ED3D-4C73-8207-8C578A9B8AD8}.Release|Any CPU.ActiveCfg = Release|Any CPU
		{E2A920F7-ED3D-4C73-8207-8C578A9B8AD8}.Release|Any CPU.Build.0 = Release|Any CPU
		{8B96D351-8A49-41C2-ABC8-5F9DC047C774}.Debug|Any CPU.ActiveCfg = Debug|Any CPU
		{8B96D351-8A49-41C2-ABC8-5F9DC047C774}.Debug|Any CPU.Build.0 = Debug|Any CPU
		{8B96D351-8A49-41C2-ABC8-5F9DC047C774}.Release|Any CPU.ActiveCfg = Release|Any CPU
		{8B96D351-8A49-41C2-ABC8-5F9DC047C774}.Release|Any CPU.Build.0 = Release|Any CPU
	EndGlobalSection
EndGlobal
